Microsoft Visual Studio Solution File, Format Version 12.00
# Visual Studio Version 17
VisualStudioVersion = 17.5.2.0
MinimumVisualStudioVersion = 10.0.40219.1
Project("{FAE04EC0-301F-11D3-BF4B-00C04F79EFBC}") = "SistemaIndicadoresAPI", "SistemaIndicadoresAPI.csproj", "{58B3700F-364F-F95A-3CBB-0E353B3848FB}"
EndProject
Global
	GlobalSection(SolutionConfigurationPlatforms) = preSolution
		Debug|Any CPU = Debug|Any CPU
		Release|Any CPU = Release|Any CPU
	EndGlobalSection
	GlobalSection(ProjectConfigurationPlatforms) = postSolution
		{58B3700F-364F-F95A-3CBB-0E353B3848FB}.Debug|Any CPU.ActiveCfg = Debug|Any CPU
		{58B3700F-364F-F95A-3CBB-0E353B3848FB}.Debug|Any CPU.Build.0 = Debug|Any CPU
		{58B3700F-364F-F95A-3CBB-0E353B3848FB}.Release|Any CPU.ActiveCfg = Release|Any CPU
		{58B3700F-364F-F95A-3CBB-0E353B3848FB}.Release|Any CPU.Build.0 = Release|Any CPU
	EndGlobalSection
	GlobalSection(SolutionProperties) = preSolution
		HideSolutionNode = FALSE
	EndGlobalSection
	GlobalSection(ExtensibilityGlobals) = postSolution
		SolutionGuid = {6E5916C0-C526-4CEC-A4EE-B83C44BA6421}
	EndGlobalSection
EndGlobal
